// !$*UTF8*$!
{
	archiveVersion = 1;
	classes = {
	};
	objectVersion = 46;
	objects = {

/* Begin PBXBuildFile section */
		7F476881197D921300956EBE /* Foundation.framework in Frameworks */ = {isa = PBXBuildFile; fileRef = 7F476880197D921300956EBE /* Foundation.framework */; };
		7F476883197D921300956EBE /* CoreGraphics.framework in Frameworks */ = {isa = PBXBuildFile; fileRef = 7F476882197D921300956EBE /* CoreGraphics.framework */; };
		7F476885197D921300956EBE /* UIKit.framework in Frameworks */ = {isa = PBXBuildFile; fileRef = 7F476884197D921300956EBE /* UIKit.framework */; };
		7F47688B197D921300956EBE /* InfoPlist.strings in Resources */ = {isa = PBXBuildFile; fileRef = 7F476889197D921300956EBE /* InfoPlist.strings */; };
		7F47688D197D921300956EBE /* main.m in Sources */ = {isa = PBXBuildFile; fileRef = 7F47688C197D921300956EBE /* main.m */; };
		7F476891197D921300956EBE /* NEEAppDelegate.m in Sources */ = {isa = PBXBuildFile; fileRef = 7F476890197D921300956EBE /* NEEAppDelegate.m */; };
		7F476894197D921300956EBE /* Main.storyboard in Resources */ = {isa = PBXBuildFile; fileRef = 7F476892197D921300956EBE /* Main.storyboard */; };
		7F476897197D921300956EBE /* NEEViewController.m in Sources */ = {isa = PBXBuildFile; fileRef = 7F476896197D921300956EBE /* NEEViewController.m */; };
		7F476899197D921300956EBE /* Images.xcassets in Resources */ = {isa = PBXBuildFile; fileRef = 7F476898197D921300956EBE /* Images.xcassets */; };
		7F4768A0197D921300956EBE /* XCTest.framework in Frameworks */ = {isa = PBXBuildFile; fileRef = 7F47689F197D921300956EBE /* XCTest.framework */; };
		7F4768A1197D921300956EBE /* Foundation.framework in Frameworks */ = {isa = PBXBuildFile; fileRef = 7F476880197D921300956EBE /* Foundation.framework */; };
		7F4768A2197D921300956EBE /* UIKit.framework in Frameworks */ = {isa = PBXBuildFile; fileRef = 7F476884197D921300956EBE /* UIKit.framework */; };
		7F4768AA197D921300956EBE /* InfoPlist.strings in Resources */ = {isa = PBXBuildFile; fileRef = 7F4768A8197D921300956EBE /* InfoPlist.strings */; };
		7F4768AC197D921300956EBE /* finalProjectTests.m in Sources */ = {isa = PBXBuildFile; fileRef = 7F4768AB197D921300956EBE /* finalProjectTests.m */; };
/* End PBXBuildFile section */

/* Begin PBXContainerItemProxy section */
		7F4768A3197D921300956EBE /* PBXContainerItemProxy */ = {
			isa = PBXContainerItemProxy;
			containerPortal = 7F476875197D921200956EBE /* Project object */;
			proxyType = 1;
			remoteGlobalIDString = 7F47687C197D921300956EBE;
			remoteInfo = finalProject;
		};
/* End PBXContainerItemProxy section */

/* Begin PBXFileReference section */
		7F47687D197D921300956EBE /* finalProject.app */ = {isa = PBXFileReference; explicitFileType = wrapper.application; includeInIndex = 0; path = finalProject.app; sourceTree = BUILT_PRODUCTS_DIR; };
		7F476880197D921300956EBE /* Foundation.framework */ = {isa = PBXFileReference; lastKnownFileType = wrapper.framework; name = Foundation.framework; path = System/Library/Frameworks/Foundation.framework; sourceTree = SDKROOT; };
		7F476882197D921300956EBE /* CoreGraphics.framework */ = {isa = PBXFileReference; lastKnownFileType = wrapper.framework; name = CoreGraphics.framework; path = System/Library/Frameworks/CoreGraphics.framework; sourceTree = SDKROOT; };
		7F476884197D921300956EBE /* UIKit.framework */ = {isa = PBXFileReference; lastKnownFileType = wrapper.framework; name = UIKit.framework; path = System/Library/Frameworks/UIKit.framework; sourceTree = SDKROOT; };
		7F476888197D921300956EBE /* finalProject-Info.plist */ = {isa = PBXFileReference; lastKnownFileType = text.plist.xml; path = "finalProject-Info.plist"; sourceTree = "<group>"; };
		7F47688A197D921300956EBE /* en */ = {isa = PBXFileReference; lastKnownFileType = text.plist.strings; name = en; path = en.lproj/InfoPlist.strings; sourceTree = "<group>"; };
		7F47688C197D921300956EBE /* main.m */ = {isa = PBXFileReference; lastKnownFileType = sourcecode.c.objc; path = main.m; sourceTree = "<group>"; };
		7F47688E197D921300956EBE /* finalProject-Prefix.pch */ = {isa = PBXFileReference; lastKnownFileType = sourcecode.c.h; path = "finalProject-Prefix.pch"; sourceTree = "<group>"; };
		7F47688F197D921300956EBE /* NEEAppDelegate.h */ = {isa = PBXFileReference; lastKnownFileType = sourcecode.c.h; path = NEEAppDelegate.h; sourceTree = "<group>"; };
		7F476890197D921300956EBE /* NEEAppDelegate.m */ = {isa = PBXFileReference; lastKnownFileType = sourcecode.c.objc; path = NEEAppDelegate.m; sourceTree = "<group>"; };
		7F476893197D921300956EBE /* Base */ = {isa = PBXFileReference; lastKnownFileType = file.storyboard; name = Base; path = Base.lproj/Main.storyboard; sourceTree = "<group>"; };
		7F476895197D921300956EBE /* NEEViewController.h */ = {isa = PBXFileReference; lastKnownFileType = sourcecode.c.h; path = NEEViewController.h; sourceTree = "<group>"; };
		7F476896197D921300956EBE /* NEEViewController.m */ = {isa = PBXFileReference; lastKnownFileType = sourcecode.c.objc; path = NEEViewController.m; sourceTree = "<group>"; };
		7F476898197D921300956EBE /* Images.xcassets */ = {isa = PBXFileReference; lastKnownFileType = folder.assetcatalog; path = Images.xcassets; sourceTree = "<group>"; };
		7F47689E197D921300956EBE /* finalProjectTests.xctest */ = {isa = PBXFileReference; explicitFileType = wrapper.cfbundle; includeInIndex = 0; path = finalProjectTests.xctest; sourceTree = BUILT_PRODUCTS_DIR; };
		7F47689F197D921300956EBE /* XCTest.framework */ = {isa = PBXFileReference; lastKnownFileType = wrapper.framework; name = XCTest.framework; path = Library/Frameworks/XCTest.framework; sourceTree = DEVELOPER_DIR; };
		7F4768A7197D921300956EBE /* finalProjectTests-Info.plist */ = {isa = PBXFileReference; lastKnownFileType = text.plist.xml; path = "finalProjectTests-Info.plist"; sourceTree = "<group>"; };
		7F4768A9197D921300956EBE /* en */ = {isa = PBXFileReference; lastKnownFileType = text.plist.strings; name = en; path = en.lproj/InfoPlist.strings; sourceTree = "<group>"; };
		7F4768AB197D921300956EBE /* finalProjectTests.m */ = {isa = PBXFileReference; lastKnownFileType = sourcecode.c.objc; path = finalProjectTests.m; sourceTree = "<group>"; };
/* End PBXFileReference section */

/* Begin PBXFrameworksBuildPhase section */
		7F47687A197D921300956EBE /* Frameworks */ = {
			isa = PBXFrameworksBuildPhase;
			buildActionMask = 2147483647;
			files = (
				7F476883197D921300956EBE /* CoreGraphics.framework in Frameworks */,
				7F476885197D921300956EBE /* UIKit.framework in Frameworks */,
				7F476881197D921300956EBE /* Foundation.framework in Frameworks */,
			);
			runOnlyForDeploymentPostprocessing = 0;
		};
		7F47689B197D921300956EBE /* Frameworks */ = {
			isa = PBXFrameworksBuildPhase;
			buildActionMask = 2147483647;
			files = (
				7F4768A0197D921300956EBE /* XCTest.framework in Frameworks */,
				7F4768A2197D921300956EBE /* UIKit.framework in Frameworks */,
				7F4768A1197D921300956EBE /* Foundation.framework in Frameworks */,
			);
			runOnlyForDeploymentPostprocessing = 0;
		};
/* End PBXFrameworksBuildPhase section */

/* Begin PBXGroup section */
		7F476874197D921200956EBE = {
			isa = PBXGroup;
			children = (
				7F476886197D921300956EBE /* finalProject */,
				7F4768A5197D921300956EBE /* finalProjectTests */,
				7F47687F197D921300956EBE /* Frameworks */,
				7F47687E197D921300956EBE /* Products */,
			);
			sourceTree = "<group>";
		};
		7F47687E197D921300956EBE /* Products */ = {
			isa = PBXGroup;
			children = (
				7F47687D197D921300956EBE /* finalProject.app */,
				7F47689E197D921300956EBE /* finalProjectTests.xctest */,
			);
			name = Products;
			sourceTree = "<group>";
		};
		7F47687F197D921300956EBE /* Frameworks */ = {
			isa = PBXGroup;
			children = (
				7F476880197D921300956EBE /* Foundation.framework */,
				7F476882197D921300956EBE /* CoreGraphics.framework */,
				7F476884197D921300956EBE /* UIKit.framework */,
				7F47689F197D921300956EBE /* XCTest.framework */,
			);
			name = Frameworks;
			sourceTree = "<group>";
		};
		7F476886197D921300956EBE /* finalProject */ = {
			isa = PBXGroup;
			children = (
				7F47688F197D921300956EBE /* NEEAppDelegate.h */,
				7F476890197D921300956EBE /* NEEAppDelegate.m */,
				7F476892197D921300956EBE /* Main.storyboard */,
				7F476895197D921300956EBE /* NEEViewController.h */,
				7F476896197D921300956EBE /* NEEViewController.m */,
				7F476898197D921300956EBE /* Images.xcassets */,
				7F476887197D921300956EBE /* Supporting Files */,
			);
			path = finalProject;
			sourceTree = "<group>";
		};
		7F476887197D921300956EBE /* Supporting Files */ = {
			isa = PBXGroup;
			children = (
				7F476888197D921300956EBE /* finalProject-Info.plist */,
				7F476889197D921300956EBE /* InfoPlist.strings */,
				7F47688C197D921300956EBE /* main.m */,
				7F47688E197D921300956EBE /* finalProject-Prefix.pch */,
			);
			name = "Supporting Files";
			sourceTree = "<group>";
		};
		7F4768A5197D921300956EBE /* finalProjectTests */ = {
			isa = PBXGroup;
			children = (
				7F4768AB197D921300956EBE /* finalProjectTests.m */,
				7F4768A6197D921300956EBE /* Supporting Files */,
			);
			path = finalProjectTests;
			sourceTree = "<group>";
		};
		7F4768A6197D921300956EBE /* Supporting Files */ = {
			isa = PBXGroup;
			children = (
				7F4768A7197D921300956EBE /* finalProjectTests-Info.plist */,
				7F4768A8197D921300956EBE /* InfoPlist.strings */,
			);
			name = "Supporting Files";
			sourceTree = "<group>";
		};
/* End PBXGroup section */

/* Begin PBXNativeTarget section */
		7F47687C197D921300956EBE /* finalProject */ = {
			isa = PBXNativeTarget;
			buildConfigurationList = 7F4768AF197D921300956EBE /* Build configuration list for PBXNativeTarget "finalProject" */;
			buildPhases = (
				7F476879197D921300956EBE /* Sources */,
				7F47687A197D921300956EBE /* Frameworks */,
				7F47687B197D921300956EBE /* Resources */,
			);
			buildRules = (
			);
			dependencies = (
			);
			name = finalProject;
			productName = finalProject;
			productReference = 7F47687D197D921300956EBE /* finalProject.app */;
			productType = "com.apple.product-type.application";
		};
		7F47689D197D921300956EBE /* finalProjectTests */ = {
			isa = PBXNativeTarget;
			buildConfigurationList = 7F4768B2197D921300956EBE /* Build configuration list for PBXNativeTarget "finalProjectTests" */;
			buildPhases = (
				7F47689A197D921300956EBE /* Sources */,
				7F47689B197D921300956EBE /* Frameworks */,
				7F47689C197D921300956EBE /* Resources */,
			);
			buildRules = (
			);
			dependencies = (
				7F4768A4197D921300956EBE /* PBXTargetDependency */,
			);
			name = finalProjectTests;
			productName = finalProjectTests;
			productReference = 7F47689E197D921300956EBE /* finalProjectTests.xctest */;
			productType = "com.apple.product-type.bundle.unit-test";
		};
/* End PBXNativeTarget section */

/* Begin PBXProject section */
		7F476875197D921200956EBE /* Project object */ = {
			isa = PBXProject;
			attributes = {
				CLASSPREFIX = NEE;
				LastUpgradeCheck = 0510;
				ORGANIZATIONNAME = CestarCollege;
				TargetAttributes = {
					7F47689D197D921300956EBE = {
						TestTargetID = 7F47687C197D921300956EBE;
					};
				};
			};
			buildConfigurationList = 7F476878197D921200956EBE /* Build configuration list for PBXProject "finalProject" */;
			compatibilityVersion = "Xcode 3.2";
			developmentRegion = English;
			hasScannedForEncodings = 0;
			knownRegions = (
				en,
				Base,
			);
			mainGroup = 7F476874197D921200956EBE;
			productRefGroup = 7F47687E197D921300956EBE /* Products */;
			projectDirPath = "";
			projectRoot = "";
			targets = (
				7F47687C197D921300956EBE /* finalProject */,
				7F47689D197D921300956EBE /* finalProjectTests */,
			);
		};
/* End PBXProject section */

/* Begin PBXResourcesBuildPhase section */
		7F47687B197D921300956EBE /* Resources */ = {
			isa = PBXResourcesBuildPhase;
			buildActionMask = 2147483647;
			files = (
				7F476899197D921300956EBE /* Images.xcassets in Resources */,
				7F47688B197D921300956EBE /* InfoPlist.strings in Resources */,
				7F476894197D921300956EBE /* Main.storyboard in Resources */,
			);
			runOnlyForDeploymentPostprocessing = 0;
		};
		7F47689C197D921300956EBE /* Resources */ = {
			isa = PBXResourcesBuildPhase;
			buildActionMask = 2147483647;
			files = (
				7F4768AA197D921300956EBE /* InfoPlist.strings in Resources */,
			);
			runOnlyForDeploymentPostprocessing = 0;
		};
/* End PBXResourcesBuildPhase section */

/* Begin PBXSourcesBuildPhase section */
		7F476879197D921300956EBE /* Sources */ = {
			isa = PBXSourcesBuildPhase;
			buildActionMask = 2147483647;
			files = (
				7F47688D197D921300956EBE /* main.m in Sources */,
				7F476891197D921300956EBE /* NEEAppDelegate.m in Sources */,
				7F476897197D921300956EBE /* NEEViewController.m in Sources */,
			);
			runOnlyForDeploymentPostprocessing = 0;
		};
		7F47689A197D921300956EBE /* Sources */ = {
			isa = PBXSourcesBuildPhase;
			buildActionMask = 2147483647;
			files = (
				7F4768AC197D921300956EBE /* finalProjectTests.m in Sources */,
			);
			runOnlyForDeploymentPostprocessing = 0;
		};
/* End PBXSourcesBuildPhase section */

/* Begin PBXTargetDependency section */
		7F4768A4197D921300956EBE /* PBXTargetDependency */ = {
			isa = PBXTargetDependency;
			target = 7F47687C197D921300956EBE /* finalProject */;
			targetProxy = 7F4768A3197D921300956EBE /* PBXContainerItemProxy */;
		};
/* End PBXTargetDependency section */

/* Begin PBXVariantGroup section */
		7F476889197D921300956EBE /* InfoPlist.strings */ = {
			isa = PBXVariantGroup;
			children = (
				7F47688A197D921300956EBE /* en */,
			);
			name = InfoPlist.strings;
			sourceTree = "<group>";
		};
		7F476892197D921300956EBE /* Main.storyboard */ = {
			isa = PBXVariantGroup;
			children = (
				7F476893197D921300956EBE /* Base */,
			);
			name = Main.storyboard;
			sourceTree = "<group>";
		};
		7F4768A8197D921300956EBE /* InfoPlist.strings */ = {
			isa = PBXVariantGroup;
			children = (
				7F4768A9197D921300956EBE /* en */,
			);
			name = InfoPlist.strings;
			sourceTree = "<group>";
		};
/* End PBXVariantGroup section */

/* Begin XCBuildConfiguration section */
		7F4768AD197D921300956EBE /* Debug */ = {
			isa = XCBuildConfiguration;
			buildSettings = {
				ALWAYS_SEARCH_USER_PATHS = NO;
				CLANG_CXX_LANGUAGE_STANDARD = "gnu++0x";
				CLANG_CXX_LIBRARY = "libc++";
				CLANG_ENABLE_MODULES = YES;
				CLANG_ENABLE_OBJC_ARC = YES;
				CLANG_WARN_BOOL_CONVERSION = YES;
				CLANG_WARN_CONSTANT_CONVERSION = YES;
				CLANG_WARN_DIRECT_OBJC_ISA_USAGE = YES_ERROR;
				CLANG_WARN_EMPTY_BODY = YES;
				CLANG_WARN_ENUM_CONVERSION = YES;
				CLANG_WARN_INT_CONVERSION = YES;
				CLANG_WARN_OBJC_ROOT_CLASS = YES_ERROR;
				CLANG_WARN__DUPLICATE_METHOD_MATCH = YES;
				"CODE_SIGN_IDENTITY[sdk=iphoneos*]" = "iPhone Developer";
				COPY_PHASE_STRIP = NO;
				GCC_C_LANGUAGE_STANDARD = gnu99;
				GCC_DYNAMIC_NO_PIC = NO;
				GCC_OPTIMIZATION_LEVEL = 0;
				GCC_PREPROCESSOR_DEFINITIONS = (
					"DEBUG=1",
					"$(inherited)",
				);
				GCC_SYMBOLS_PRIVATE_EXTERN = NO;
				GCC_WARN_64_TO_32_BIT_CONVERSION = YES;
				GCC_WARN_ABOUT_RETURN_TYPE = YES_ERROR;
				GCC_WARN_UNDECLARED_SELECTOR = YES;
				GCC_WARN_UNINITIALIZED_AUTOS = YES_AGGRESSIVE;
				GCC_WARN_UNUSED_FUNCTION = YES;
				GCC_WARN_UNUSED_VARIABLE = YES;
				IPHONEOS_DEPLOYMENT_TARGET = 7.1;
				ONLY_ACTIVE_ARCH = YES;
				SDKROOT = iphoneos;
			};
			name = Debug;
		};
		7F4768AE197D921300956EBE /* Release */ = {
			isa = XCBuildConfiguration;
			buildSettings = {
				ALWAYS_SEARCH_USER_PATHS = NO;
				CLANG_CXX_LANGUAGE_STANDARD = "gnu++0x";
				CLANG_CXX_LIBRARY = "libc++";
				CLANG_ENABLE_MODULES = YES;
				CLANG_ENABLE_OBJC_ARC = YES;
				CLANG_WARN_BOOL_CONVERSION = YES;
				CLANG_WARN_CONSTANT_CONVERSION = YES;
				CLANG_WARN_DIRECT_OBJC_ISA_USAGE = YES_ERROR;
				CLANG_WARN_EMPTY_BODY = YES;
				CLANG_WARN_ENUM_CONVERSION = YES;
				CLANG_WARN_INT_CONVERSION = YES;
				CLANG_WARN_OBJC_ROOT_CLASS = YES_ERROR;
				CLANG_WARN__DUPLICATE_METHOD_MATCH = YES;
				"CODE_SIGN_IDENTITY[sdk=iphoneos*]" = "iPhone Developer";
				COPY_PHASE_STRIP = YES;
				ENABLE_NS_ASSERTIONS = NO;
				GCC_C_LANGUAGE_STANDARD = gnu99;
				GCC_WARN_64_TO_32_BIT_CONVERSION = YES;
				GCC_WARN_ABOUT_RETURN_TYPE = YES_ERROR;
				GCC_WARN_UNDECLARED_SELECTOR = YES;
				GCC_WARN_UNINITIALIZED_AUTOS = YES_AGGRESSIVE;
				GCC_WARN_UNUSED_FUNCTION = YES;
				GCC_WARN_UNUSED_VARIABLE = YES;
				IPHONEOS_DEPLOYMENT_TARGET = 7.1;
				SDKROOT = iphoneos;
				VALIDATE_PRODUCT = YES;
			};
			name = Release;
		};
		7F4768B0197D921300956EBE /* Debug */ = {
			isa = XCBuildConfiguration;
			buildSettings = {
				ASSETCATALOG_COMPILER_APPICON_NAME = AppIcon;
				ASSETCATALOG_COMPILER_LAUNCHIMAGE_NAME = LaunchImage;
				GCC_PRECOMPILE_PREFIX_HEADER = YES;
				GCC_PREFIX_HEADER = "finalProject/finalProject-Prefix.pch";
				INFOPLIST_FILE = "finalProject/finalProject-Info.plist";
				PRODUCT_NAME = "$(TARGET_NAME)";
				WRAPPER_EXTENSION = app;
			};
			name = Debug;
		};
		7F4768B1197D921300956EBE /* Release */ = {
			isa = XCBuildConfiguration;
			buildSettings = {
				ASSETCATALOG_COMPILER_APPICON_NAME = AppIcon;
				ASSETCATALOG_COMPILER_LAUNCHIMAGE_NAME = LaunchImage;
				GCC_PRECOMPILE_PREFIX_HEADER = YES;
				GCC_PREFIX_HEADER = "finalProject/finalProject-Prefix.pch";
				INFOPLIST_FILE = "finalProject/finalProject-Info.plist";
				PRODUCT_NAME = "$(TARGET_NAME)";
				WRAPPER_EXTENSION = app;
			};
			name = Release;
		};
		7F4768B3197D921300956EBE /* Debug */ = {
			isa = XCBuildConfiguration;
			buildSettings = {
				BUNDLE_LOADER = "$(BUILT_PRODUCTS_DIR)/finalProject.app/finalProject";
				FRAMEWORK_SEARCH_PATHS = (
					"$(SDKROOT)/Developer/Library/Frameworks",
					"$(inherited)",
					"$(DEVELOPER_FRAMEWORKS_DIR)",
				);
				GCC_PRECOMPILE_PREFIX_HEADER = YES;
				GCC_PREFIX_HEADER = "finalProject/finalProject-Prefix.pch";
				GCC_PREPROCESSOR_DEFINITIONS = (
					"DEBUG=1",
					"$(inherited)",
				);
				INFOPLIST_FILE = "finalProjectTests/finalProjectTests-Info.plist";
				PRODUCT_NAME = "$(TARGET_NAME)";
				TEST_HOST = "$(BUNDLE_LOADER)";
				WRAPPER_EXTENSION = xctest;
			};
			name = Debug;
		};
		7F4768B4197D921300956EBE /* Release */ = {
			isa = XCBuildConfiguration;
			buildSettings = {
				BUNDLE_LOADER = "$(BUILT_PRODUCTS_DIR)/finalProject.app/finalProject";
				FRAMEWORK_SEARCH_PATHS = (
					"$(SDKROOT)/Developer/Library/Frameworks",
					"$(inherited)",
					"$(DEVELOPER_FRAMEWORKS_DIR)",
				);
				GCC_PRECOMPILE_PREFIX_HEADER = YES;
				GCC_PREFIX_HEADER = "finalProject/finalProject-Prefix.pch";
				INFOPLIST_FILE = "finalProjectTests/finalProjectTests-Info.plist";
				PRODUCT_NAME = "$(TARGET_NAME)";
				TEST_HOST = "$(BUNDLE_LOADER)";
				WRAPPER_EXTENSION = xctest;
			};
			name = Release;
		};
/* End XCBuildConfiguration section */

/* Begin XCConfigurationList section */
		7F476878197D921200956EBE /* Build configuration list for PBXProject "finalProject" */ = {
			isa = XCConfigurationList;
			buildConfigurations = (
				7F4768AD197D921300956EBE /* Debug */,
				7F4768AE197D921300956EBE /* Release */,
			);
			defaultConfigurationIsVisible = 0;
			defaultConfigurationName = Release;
		};
		7F4768AF197D921300956EBE /* Build configuration list for PBXNativeTarget "finalProject" */ = {
			isa = XCConfigurationList;
			buildConfigurations = (
				7F4768B0197D921300956EBE /* Debug */,
				7F4768B1197D921300956EBE /* Release */,
			);
			defaultConfigurationIsVisible = 0;
		};
		7F4768B2197D921300956EBE /* Build configuration list for PBXNativeTarget "finalProjectTests" */ = {
			isa = XCConfigurationList;
			buildConfigurations = (
				7F4768B3197D921300956EBE /* Debug */,
				7F4768B4197D921300956EBE /* Release */,
			);
			defaultConfigurationIsVisible = 0;
		};
/* End XCConfigurationList section */
	};
	rootObject = 7F476875197D921200956EBE /* Project object */;
}
